
Microsoft Visual Studio Solution File, Format Version 12.00
# Visual Studio 15
VisualStudioVersion = 15.0.26730.16
MinimumVisualStudioVersion = 10.0.40219.1
Project("{FAE04EC0-301F-11D3-BF4B-00C04F79EFBC}") = "vailextremerentals", "vailextremerentals\vailextremerentals.csproj", "{DAE0855B-012A-4D69-AE98-8F94DFD87C56}"
EndProject
Project("{2150E333-8FDC-42A3-9474-1A3956D46DE8}") = "Solution Items", "Solution Items", "{4D065C00-BD49-4C4B-807A-F3E33DFE430D}"
	ProjectSection(SolutionItems) = preProject
		Performance1.psess = Performance1.psess
	EndProjectSection
EndProject
Global
	GlobalSection(Performance) = preSolution
		HasPerformanceSessions = true
	EndGlobalSection
	GlobalSection(SolutionConfigurationPlatforms) = preSolution
		Debug|Any CPU = Debug|Any CPU
		Release|Any CPU = Release|Any CPU
	EndGlobalSection
	GlobalSection(ProjectConfigurationPlatforms) = postSolution
		{DAE0855B-012A-4D69-AE98-8F94DFD87C56}.Debug|Any CPU.ActiveCfg = Debug|Any CPU
		{DAE0855B-012A-4D69-AE98-8F94DFD87C56}.Debug|Any CPU.Build.0 = Debug|Any CPU
		{DAE0855B-012A-4D69-AE98-8F94DFD87C56}.Release|Any CPU.ActiveCfg = Release|Any CPU
		{DAE0855B-012A-4D69-AE98-8F94DFD87C56}.Release|Any CPU.Build.0 = Release|Any CPU
	EndGlobalSection
	GlobalSection(SolutionProperties) = preSolution
		HideSolutionNode = FALSE
	EndGlobalSection
	GlobalSection(ExtensibilityGlobals) = postSolution
		SolutionGuid = {01F84D28-4054-4E7D-AB90-9ACBE9C3C2C6}
	EndGlobalSection
EndGlobal
